// !$*UTF8*$!
{
	archiveVersion = 1;
	classes = {
	};
	objectVersion = 46;
	objects = {

/* Begin PBXBuildFile section */
		OBJ_103 /* Promise.swift in Sources */ = {isa = PBXBuildFile; fileRef = OBJ_49 /* Promise.swift */; };
		OBJ_110 /* CSS.swift in Sources */ = {isa = PBXBuildFile; fileRef = OBJ_14 /* CSS.swift */; };
		OBJ_111 /* Kanna.swift in Sources */ = {isa = PBXBuildFile; fileRef = OBJ_15 /* Kanna.swift */; };
		OBJ_112 /* libxmlHTMLDocument.swift in Sources */ = {isa = PBXBuildFile; fileRef = OBJ_16 /* libxmlHTMLDocument.swift */; };
		OBJ_113 /* libxmlHTMLNode.swift in Sources */ = {isa = PBXBuildFile; fileRef = OBJ_17 /* libxmlHTMLNode.swift */; };
		OBJ_114 /* libxmlParserOption.swift in Sources */ = {isa = PBXBuildFile; fileRef = OBJ_18 /* libxmlParserOption.swift */; };
		OBJ_121 /* BlogParserTest.swift in Sources */ = {isa = PBXBuildFile; fileRef = OBJ_8 /* BlogParserTest.swift */; };
		OBJ_122 /* main.swift in Sources */ = {isa = PBXBuildFile; fileRef = OBJ_9 /* main.swift */; };
		OBJ_124 /* YSOperations.framework in Frameworks */ = {isa = PBXBuildFile; fileRef = OBJ_51 /* YSOperations.framework */; };
		OBJ_125 /* UI.framework in Frameworks */ = {isa = PBXBuildFile; fileRef = OBJ_52 /* UI.framework */; };
		OBJ_126 /* Utilities.framework in Frameworks */ = {isa = PBXBuildFile; fileRef = OBJ_53 /* Utilities.framework */; };
		OBJ_127 /* DispatchQueue.framework in Frameworks */ = {isa = PBXBuildFile; fileRef = OBJ_54 /* DispatchQueue.framework */; };
		OBJ_128 /* Then.framework in Frameworks */ = {isa = PBXBuildFile; fileRef = OBJ_55 /* Then.framework */; };
		OBJ_129 /* Kanna.framework in Frameworks */ = {isa = PBXBuildFile; fileRef = OBJ_56 /* Kanna.framework */; };
		OBJ_63 /* OperationCondition.swift in Sources */ = {isa = PBXBuildFile; fileRef = OBJ_23 /* OperationCondition.swift */; };
		OBJ_64 /* BlockObserver.swift in Sources */ = {isa = PBXBuildFile; fileRef = OBJ_25 /* BlockObserver.swift */; };
		OBJ_65 /* OperationObserver.swift in Sources */ = {isa = PBXBuildFile; fileRef = OBJ_26 /* OperationObserver.swift */; };
		OBJ_66 /* ExclusivityController.swift in Sources */ = {isa = PBXBuildFile; fileRef = OBJ_28 /* ExclusivityController.swift */; };
		OBJ_67 /* YSOperationQueue.swift in Sources */ = {isa = PBXBuildFile; fileRef = OBJ_29 /* YSOperationQueue.swift */; };
		OBJ_68 /* BlockOperation.swift in Sources */ = {isa = PBXBuildFile; fileRef = OBJ_31 /* BlockOperation.swift */; };
		OBJ_69 /* YSOperation.swift in Sources */ = {isa = PBXBuildFile; fileRef = OBJ_32 /* YSOperation.swift */; };
		OBJ_76 /* UIViewExtensions.swift in Sources */ = {isa = PBXBuildFile; fileRef = OBJ_35 /* UIViewExtensions.swift */; };
		OBJ_77 /* Row.swift in Sources */ = {isa = PBXBuildFile; fileRef = OBJ_37 /* Row.swift */; };
		OBJ_78 /* Section.swift in Sources */ = {isa = PBXBuildFile; fileRef = OBJ_38 /* Section.swift */; };
		OBJ_79 /* TableViewManager.swift in Sources */ = {isa = PBXBuildFile; fileRef = OBJ_39 /* TableViewManager.swift */; };
		OBJ_80 /* ItemCell.swift in Sources */ = {isa = PBXBuildFile; fileRef = OBJ_41 /* ItemCell.swift */; };
		OBJ_81 /* StaticCellType.swift in Sources */ = {isa = PBXBuildFile; fileRef = OBJ_42 /* StaticCellType.swift */; };
		OBJ_82 /* Value1Cell.swift in Sources */ = {isa = PBXBuildFile; fileRef = OBJ_43 /* Value1Cell.swift */; };
		OBJ_89 /* Time.swift in Sources */ = {isa = PBXBuildFile; fileRef = OBJ_45 /* Time.swift */; };
		OBJ_96 /* GCDQueue.swift in Sources */ = {isa = PBXBuildFile; fileRef = OBJ_47 /* GCDQueue.swift */; };
/* End PBXBuildFile section */

/* Begin PBXContainerItemProxy section */
		0E2FB4231EA2CA160057C3B2 /* PBXContainerItemProxy */ = {
			isa = PBXContainerItemProxy;
			containerPortal = OBJ_1 /* Project object */;
			proxyType = 1;
			remoteGlobalIDString = OBJ_58;
			remoteInfo = YSOperations;
		};
		0E2FB4241EA2CA160057C3B2 /* PBXContainerItemProxy */ = {
			isa = PBXContainerItemProxy;
			containerPortal = OBJ_1 /* Project object */;
			proxyType = 1;
			remoteGlobalIDString = OBJ_71;
			remoteInfo = UI;
		};
		0E2FB4251EA2CA160057C3B2 /* PBXContainerItemProxy */ = {
			isa = PBXContainerItemProxy;
			containerPortal = OBJ_1 /* Project object */;
			proxyType = 1;
			remoteGlobalIDString = OBJ_84;
			remoteInfo = Utilities;
		};
		0E2FB4261EA2CA160057C3B2 /* PBXContainerItemProxy */ = {
			isa = PBXContainerItemProxy;
			containerPortal = OBJ_1 /* Project object */;
			proxyType = 1;
			remoteGlobalIDString = OBJ_91;
			remoteInfo = DispatchQueue;
		};
		0E2FB4271EA2CA160057C3B2 /* PBXContainerItemProxy */ = {
			isa = PBXContainerItemProxy;
			containerPortal = OBJ_1 /* Project object */;
			proxyType = 1;
			remoteGlobalIDString = OBJ_98;
			remoteInfo = Then;
		};
		0E2FB4281EA2CA160057C3B2 /* PBXContainerItemProxy */ = {
			isa = PBXContainerItemProxy;
			containerPortal = OBJ_1 /* Project object */;
			proxyType = 1;
			remoteGlobalIDString = OBJ_105;
			remoteInfo = Kanna;
		};
/* End PBXContainerItemProxy section */

/* Begin PBXFileReference section */
		OBJ_14 /* CSS.swift */ = {isa = PBXFileReference; lastKnownFileType = sourcecode.swift; path = CSS.swift; sourceTree = "<group>"; };
		OBJ_15 /* Kanna.swift */ = {isa = PBXFileReference; lastKnownFileType = sourcecode.swift; path = Kanna.swift; sourceTree = "<group>"; };
		OBJ_16 /* libxmlHTMLDocument.swift */ = {isa = PBXFileReference; lastKnownFileType = sourcecode.swift; path = libxmlHTMLDocument.swift; sourceTree = "<group>"; };
		OBJ_17 /* libxmlHTMLNode.swift */ = {isa = PBXFileReference; lastKnownFileType = sourcecode.swift; path = libxmlHTMLNode.swift; sourceTree = "<group>"; };
		OBJ_18 /* libxmlParserOption.swift */ = {isa = PBXFileReference; lastKnownFileType = sourcecode.swift; path = libxmlParserOption.swift; sourceTree = "<group>"; };
		OBJ_23 /* OperationCondition.swift */ = {isa = PBXFileReference; lastKnownFileType = sourcecode.swift; path = OperationCondition.swift; sourceTree = "<group>"; };
		OBJ_25 /* BlockObserver.swift */ = {isa = PBXFileReference; lastKnownFileType = sourcecode.swift; path = BlockObserver.swift; sourceTree = "<group>"; };
		OBJ_26 /* OperationObserver.swift */ = {isa = PBXFileReference; lastKnownFileType = sourcecode.swift; path = OperationObserver.swift; sourceTree = "<group>"; };
		OBJ_28 /* ExclusivityController.swift */ = {isa = PBXFileReference; lastKnownFileType = sourcecode.swift; path = ExclusivityController.swift; sourceTree = "<group>"; };
		OBJ_29 /* YSOperationQueue.swift */ = {isa = PBXFileReference; lastKnownFileType = sourcecode.swift; path = YSOperationQueue.swift; sourceTree = "<group>"; };
		OBJ_31 /* BlockOperation.swift */ = {isa = PBXFileReference; lastKnownFileType = sourcecode.swift; path = BlockOperation.swift; sourceTree = "<group>"; };
		OBJ_32 /* YSOperation.swift */ = {isa = PBXFileReference; lastKnownFileType = sourcecode.swift; path = YSOperation.swift; sourceTree = "<group>"; };
		OBJ_35 /* UIViewExtensions.swift */ = {isa = PBXFileReference; lastKnownFileType = sourcecode.swift; path = UIViewExtensions.swift; sourceTree = "<group>"; };
		OBJ_37 /* Row.swift */ = {isa = PBXFileReference; lastKnownFileType = sourcecode.swift; path = Row.swift; sourceTree = "<group>"; };
		OBJ_38 /* Section.swift */ = {isa = PBXFileReference; lastKnownFileType = sourcecode.swift; path = Section.swift; sourceTree = "<group>"; };
		OBJ_39 /* TableViewManager.swift */ = {isa = PBXFileReference; lastKnownFileType = sourcecode.swift; path = TableViewManager.swift; sourceTree = "<group>"; };
		OBJ_41 /* ItemCell.swift */ = {isa = PBXFileReference; lastKnownFileType = sourcecode.swift; path = ItemCell.swift; sourceTree = "<group>"; };
		OBJ_42 /* StaticCellType.swift */ = {isa = PBXFileReference; lastKnownFileType = sourcecode.swift; path = StaticCellType.swift; sourceTree = "<group>"; };
		OBJ_43 /* Value1Cell.swift */ = {isa = PBXFileReference; lastKnownFileType = sourcecode.swift; path = Value1Cell.swift; sourceTree = "<group>"; };
		OBJ_45 /* Time.swift */ = {isa = PBXFileReference; lastKnownFileType = sourcecode.swift; path = Time.swift; sourceTree = "<group>"; };
		OBJ_47 /* GCDQueue.swift */ = {isa = PBXFileReference; lastKnownFileType = sourcecode.swift; path = GCDQueue.swift; sourceTree = "<group>"; };
		OBJ_49 /* Promise.swift */ = {isa = PBXFileReference; lastKnownFileType = sourcecode.swift; path = Promise.swift; sourceTree = "<group>"; };
		OBJ_51 /* YSOperations.framework */ = {isa = PBXFileReference; explicitFileType = wrapper.framework; path = YSOperations.framework; sourceTree = BUILT_PRODUCTS_DIR; };
		OBJ_52 /* UI.framework */ = {isa = PBXFileReference; explicitFileType = wrapper.framework; path = UI.framework; sourceTree = BUILT_PRODUCTS_DIR; };
		OBJ_53 /* Utilities.framework */ = {isa = PBXFileReference; explicitFileType = wrapper.framework; path = Utilities.framework; sourceTree = BUILT_PRODUCTS_DIR; };
		OBJ_54 /* DispatchQueue.framework */ = {isa = PBXFileReference; explicitFileType = wrapper.framework; path = DispatchQueue.framework; sourceTree = BUILT_PRODUCTS_DIR; };
		OBJ_55 /* Then.framework */ = {isa = PBXFileReference; explicitFileType = wrapper.framework; path = Then.framework; sourceTree = BUILT_PRODUCTS_DIR; };
		OBJ_56 /* Kanna.framework */ = {isa = PBXFileReference; explicitFileType = wrapper.framework; path = Kanna.framework; sourceTree = BUILT_PRODUCTS_DIR; };
		OBJ_57 /* EbloServer */ = {isa = PBXFileReference; lastKnownFileType = text; path = EbloServer; sourceTree = BUILT_PRODUCTS_DIR; };
		OBJ_6 /* Package.swift */ = {isa = PBXFileReference; explicitFileType = sourcecode.swift; path = Package.swift; sourceTree = "<group>"; };
		OBJ_8 /* BlogParserTest.swift */ = {isa = PBXFileReference; lastKnownFileType = sourcecode.swift; path = BlogParserTest.swift; sourceTree = "<group>"; };
		OBJ_9 /* main.swift */ = {isa = PBXFileReference; lastKnownFileType = sourcecode.swift; path = main.swift; sourceTree = "<group>"; };
/* End PBXFileReference section */

/* Begin PBXFrameworksBuildPhase section */
		OBJ_104 /* Frameworks */ = {
			isa = PBXFrameworksBuildPhase;
			buildActionMask = 0;
			files = (
			);
			runOnlyForDeploymentPostprocessing = 0;
		};
		OBJ_115 /* Frameworks */ = {
			isa = PBXFrameworksBuildPhase;
			buildActionMask = 0;
			files = (
			);
			runOnlyForDeploymentPostprocessing = 0;
		};
		OBJ_123 /* Frameworks */ = {
			isa = PBXFrameworksBuildPhase;
			buildActionMask = 0;
			files = (
				OBJ_124 /* YSOperations.framework in Frameworks */,
				OBJ_125 /* UI.framework in Frameworks */,
				OBJ_126 /* Utilities.framework in Frameworks */,
				OBJ_127 /* DispatchQueue.framework in Frameworks */,
				OBJ_128 /* Then.framework in Frameworks */,
				OBJ_129 /* Kanna.framework in Frameworks */,
			);
			runOnlyForDeploymentPostprocessing = 0;
		};
		OBJ_70 /* Frameworks */ = {
			isa = PBXFrameworksBuildPhase;
			buildActionMask = 0;
			files = (
			);
			runOnlyForDeploymentPostprocessing = 0;
		};
		OBJ_83 /* Frameworks */ = {
			isa = PBXFrameworksBuildPhase;
			buildActionMask = 0;
			files = (
			);
			runOnlyForDeploymentPostprocessing = 0;
		};
		OBJ_90 /* Frameworks */ = {
			isa = PBXFrameworksBuildPhase;
			buildActionMask = 0;
			files = (
			);
			runOnlyForDeploymentPostprocessing = 0;
		};
		OBJ_97 /* Frameworks */ = {
			isa = PBXFrameworksBuildPhase;
			buildActionMask = 0;
			files = (
			);
			runOnlyForDeploymentPostprocessing = 0;
		};
/* End PBXFrameworksBuildPhase section */

/* Begin PBXGroup section */
		OBJ_10 /* Tests */ = {
			isa = PBXGroup;
			children = (
			);
			name = Tests;
			sourceTree = SOURCE_ROOT;
		};
		OBJ_11 /* Dependencies */ = {
			isa = PBXGroup;
			children = (
				OBJ_12 /* Kanna 2.2.1 */,
				OBJ_19 /* SwiftClibxml2 1.0.2 */,
				OBJ_20 /* SiYuanKit 1.2.32 */,
			);
			name = Dependencies;
			sourceTree = "<group>";
		};
		OBJ_12 /* Kanna 2.2.1 */ = {
			isa = PBXGroup;
			children = (
				OBJ_13 /* Kanna */,
			);
			name = "Kanna 2.2.1";
			sourceTree = SOURCE_ROOT;
		};
		OBJ_13 /* Kanna */ = {
			isa = PBXGroup;
			children = (
				OBJ_14 /* CSS.swift */,
				OBJ_15 /* Kanna.swift */,
				OBJ_16 /* libxmlHTMLDocument.swift */,
				OBJ_17 /* libxmlHTMLNode.swift */,
				OBJ_18 /* libxmlParserOption.swift */,
			);
			name = Kanna;
			path = ".build/checkouts/Kanna.git-4480671543299714050/Sources/Kanna";
			sourceTree = SOURCE_ROOT;
		};
		OBJ_19 /* SwiftClibxml2 1.0.2 */ = {
			isa = PBXGroup;
			children = (
			);
			name = "SwiftClibxml2 1.0.2";
			path = ".build/checkouts/SwiftClibxml2.git--6828148366461539859";
			sourceTree = SOURCE_ROOT;
		};
		OBJ_20 /* SiYuanKit 1.2.32 */ = {
			isa = PBXGroup;
			children = (
				OBJ_21 /* YSOperations */,
				OBJ_33 /* UI */,
				OBJ_44 /* Utilities */,
				OBJ_46 /* DispatchQueue */,
				OBJ_48 /* Then */,
			);
			name = "SiYuanKit 1.2.32";
			sourceTree = SOURCE_ROOT;
		};
		OBJ_21 /* YSOperations */ = {
			isa = PBXGroup;
			children = (
				OBJ_22 /* Conditions */,
				OBJ_24 /* Observers */,
				OBJ_27 /* Operation Queue */,
				OBJ_30 /* YSOperations */,
			);
			name = YSOperations;
			path = ".build/checkouts/SiYuanKit.git--103458854881732762/Sources/YSOperations";
			sourceTree = SOURCE_ROOT;
		};
		OBJ_22 /* Conditions */ = {
			isa = PBXGroup;
			children = (
				OBJ_23 /* OperationCondition.swift */,
			);
			path = Conditions;
			sourceTree = "<group>";
		};
		OBJ_24 /* Observers */ = {
			isa = PBXGroup;
			children = (
				OBJ_25 /* BlockObserver.swift */,
				OBJ_26 /* OperationObserver.swift */,
			);
			path = Observers;
			sourceTree = "<group>";
		};
		OBJ_27 /* Operation Queue */ = {
			isa = PBXGroup;
			children = (
				OBJ_28 /* ExclusivityController.swift */,
				OBJ_29 /* YSOperationQueue.swift */,
			);
			path = "Operation Queue";
			sourceTree = "<group>";
		};
		OBJ_30 /* YSOperations */ = {
			isa = PBXGroup;
			children = (
				OBJ_31 /* BlockOperation.swift */,
				OBJ_32 /* YSOperation.swift */,
			);
			path = YSOperations;
			sourceTree = "<group>";
		};
		OBJ_33 /* UI */ = {
			isa = PBXGroup;
			children = (
				OBJ_34 /* Extension */,
				OBJ_36 /* StaticTableView */,
			);
			name = UI;
			path = ".build/checkouts/SiYuanKit.git--103458854881732762/Sources/UI";
			sourceTree = SOURCE_ROOT;
		};
		OBJ_34 /* Extension */ = {
			isa = PBXGroup;
			children = (
				OBJ_35 /* UIViewExtensions.swift */,
			);
			path = Extension;
			sourceTree = "<group>";
		};
		OBJ_36 /* StaticTableView */ = {
			isa = PBXGroup;
			children = (
				OBJ_37 /* Row.swift */,
				OBJ_38 /* Section.swift */,
				OBJ_39 /* TableViewManager.swift */,
				OBJ_40 /* Cells */,
			);
			path = StaticTableView;
			sourceTree = "<group>";
		};
		OBJ_40 /* Cells */ = {
			isa = PBXGroup;
			children = (
				OBJ_41 /* ItemCell.swift */,
				OBJ_42 /* StaticCellType.swift */,
				OBJ_43 /* Value1Cell.swift */,
			);
			path = Cells;
			sourceTree = "<group>";
		};
		OBJ_44 /* Utilities */ = {
			isa = PBXGroup;
			children = (
				OBJ_45 /* Time.swift */,
			);
			name = Utilities;
			path = ".build/checkouts/SiYuanKit.git--103458854881732762/Sources/Utilities";
			sourceTree = SOURCE_ROOT;
		};
		OBJ_46 /* DispatchQueue */ = {
			isa = PBXGroup;
			children = (
				OBJ_47 /* GCDQueue.swift */,
			);
			name = DispatchQueue;
			path = ".build/checkouts/SiYuanKit.git--103458854881732762/Sources/DispatchQueue";
			sourceTree = SOURCE_ROOT;
		};
		OBJ_48 /* Then */ = {
			isa = PBXGroup;
			children = (
				OBJ_49 /* Promise.swift */,
			);
			name = Then;
			path = ".build/checkouts/SiYuanKit.git--103458854881732762/Sources/Then";
			sourceTree = SOURCE_ROOT;
		};
		OBJ_5 /*  */ = {
			isa = PBXGroup;
			children = (
				OBJ_6 /* Package.swift */,
				OBJ_7 /* Sources */,
				OBJ_10 /* Tests */,
				OBJ_11 /* Dependencies */,
				OBJ_50 /* Products */,
			);
			name = "";
			sourceTree = "<group>";
		};
		OBJ_50 /* Products */ = {
			isa = PBXGroup;
			children = (
				OBJ_51 /* YSOperations.framework */,
				OBJ_52 /* UI.framework */,
				OBJ_53 /* Utilities.framework */,
				OBJ_54 /* DispatchQueue.framework */,
				OBJ_55 /* Then.framework */,
				OBJ_56 /* Kanna.framework */,
				OBJ_57 /* EbloServer */,
			);
			name = Products;
			sourceTree = BUILT_PRODUCTS_DIR;
		};
		OBJ_7 /* Sources */ = {
			isa = PBXGroup;
			children = (
				OBJ_8 /* BlogParserTest.swift */,
				OBJ_9 /* main.swift */,
			);
			path = Sources;
			sourceTree = SOURCE_ROOT;
		};
/* End PBXGroup section */

/* Begin PBXNativeTarget section */
		OBJ_105 /* Kanna */ = {
			isa = PBXNativeTarget;
			buildConfigurationList = OBJ_106 /* Build configuration list for PBXNativeTarget "Kanna" */;
			buildPhases = (
				OBJ_109 /* Sources */,
				OBJ_115 /* Frameworks */,
			);
			buildRules = (
			);
			dependencies = (
			);
			name = Kanna;
			productName = Kanna;
			productReference = OBJ_56 /* Kanna.framework */;
			productType = "com.apple.product-type.framework";
		};
		OBJ_116 /* EbloServer */ = {
			isa = PBXNativeTarget;
			buildConfigurationList = OBJ_117 /* Build configuration list for PBXNativeTarget "EbloServer" */;
			buildPhases = (
				OBJ_120 /* Sources */,
				OBJ_123 /* Frameworks */,
			);
			buildRules = (
			);
			dependencies = (
				OBJ_130 /* PBXTargetDependency */,
				OBJ_131 /* PBXTargetDependency */,
				OBJ_132 /* PBXTargetDependency */,
				OBJ_133 /* PBXTargetDependency */,
				OBJ_134 /* PBXTargetDependency */,
				OBJ_135 /* PBXTargetDependency */,
			);
			name = EbloServer;
			productName = EbloServer;
			productReference = OBJ_57 /* EbloServer */;
			productType = "com.apple.product-type.tool";
		};
		OBJ_58 /* YSOperations */ = {
			isa = PBXNativeTarget;
			buildConfigurationList = OBJ_59 /* Build configuration list for PBXNativeTarget "YSOperations" */;
			buildPhases = (
				OBJ_62 /* Sources */,
				OBJ_70 /* Frameworks */,
			);
			buildRules = (
			);
			dependencies = (
			);
			name = YSOperations;
			productName = YSOperations;
			productReference = OBJ_51 /* YSOperations.framework */;
			productType = "com.apple.product-type.framework";
		};
		OBJ_71 /* UI */ = {
			isa = PBXNativeTarget;
			buildConfigurationList = OBJ_72 /* Build configuration list for PBXNativeTarget "UI" */;
			buildPhases = (
				OBJ_75 /* Sources */,
				OBJ_83 /* Frameworks */,
			);
			buildRules = (
			);
			dependencies = (
			);
			name = UI;
			productName = UI;
			productReference = OBJ_52 /* UI.framework */;
			productType = "com.apple.product-type.framework";
		};
		OBJ_84 /* Utilities */ = {
			isa = PBXNativeTarget;
			buildConfigurationList = OBJ_85 /* Build configuration list for PBXNativeTarget "Utilities" */;
			buildPhases = (
				OBJ_88 /* Sources */,
				OBJ_90 /* Frameworks */,
			);
			buildRules = (
			);
			dependencies = (
			);
			name = Utilities;
			productName = Utilities;
			productReference = OBJ_53 /* Utilities.framework */;
			productType = "com.apple.product-type.framework";
		};
		OBJ_91 /* DispatchQueue */ = {
			isa = PBXNativeTarget;
			buildConfigurationList = OBJ_92 /* Build configuration list for PBXNativeTarget "DispatchQueue" */;
			buildPhases = (
				OBJ_95 /* Sources */,
				OBJ_97 /* Frameworks */,
			);
			buildRules = (
			);
			dependencies = (
			);
			name = DispatchQueue;
			productName = DispatchQueue;
			productReference = OBJ_54 /* DispatchQueue.framework */;
			productType = "com.apple.product-type.framework";
		};
		OBJ_98 /* Then */ = {
			isa = PBXNativeTarget;
			buildConfigurationList = OBJ_99 /* Build configuration list for PBXNativeTarget "Then" */;
			buildPhases = (
				OBJ_102 /* Sources */,
				OBJ_104 /* Frameworks */,
			);
			buildRules = (
			);
			dependencies = (
			);
			name = Then;
			productName = Then;
			productReference = OBJ_55 /* Then.framework */;
			productType = "com.apple.product-type.framework";
		};
/* End PBXNativeTarget section */

/* Begin PBXProject section */
		OBJ_1 /* Project object */ = {
			isa = PBXProject;
			attributes = {
				LastUpgradeCheck = 9999;
			};
			buildConfigurationList = OBJ_2 /* Build configuration list for PBXProject "EbloServer" */;
			compatibilityVersion = "Xcode 3.2";
			developmentRegion = English;
			hasScannedForEncodings = 0;
			knownRegions = (
				en,
			);
			mainGroup = OBJ_5 /*  */;
			productRefGroup = OBJ_50 /* Products */;
			projectDirPath = "";
			projectRoot = "";
			targets = (
				OBJ_58 /* YSOperations */,
				OBJ_71 /* UI */,
				OBJ_84 /* Utilities */,
				OBJ_91 /* DispatchQueue */,
				OBJ_98 /* Then */,
				OBJ_105 /* Kanna */,
				OBJ_116 /* EbloServer */,
			);
		};
/* End PBXProject section */

/* Begin PBXSourcesBuildPhase section */
		OBJ_102 /* Sources */ = {
			isa = PBXSourcesBuildPhase;
			buildActionMask = 0;
			files = (
				OBJ_103 /* Promise.swift in Sources */,
			);
			runOnlyForDeploymentPostprocessing = 0;
		};
		OBJ_109 /* Sources */ = {
			isa = PBXSourcesBuildPhase;
			buildActionMask = 0;
			files = (
				OBJ_110 /* CSS.swift in Sources */,
				OBJ_111 /* Kanna.swift in Sources */,
				OBJ_112 /* libxmlHTMLDocument.swift in Sources */,
				OBJ_113 /* libxmlHTMLNode.swift in Sources */,
				OBJ_114 /* libxmlParserOption.swift in Sources */,
			);
			runOnlyForDeploymentPostprocessing = 0;
		};
		OBJ_120 /* Sources */ = {
			isa = PBXSourcesBuildPhase;
			buildActionMask = 0;
			files = (
				OBJ_121 /* BlogParserTest.swift in Sources */,
				OBJ_122 /* main.swift in Sources */,
			);
			runOnlyForDeploymentPostprocessing = 0;
		};
		OBJ_62 /* Sources */ = {
			isa = PBXSourcesBuildPhase;
			buildActionMask = 0;
			files = (
				OBJ_63 /* OperationCondition.swift in Sources */,
				OBJ_64 /* BlockObserver.swift in Sources */,
				OBJ_65 /* OperationObserver.swift in Sources */,
				OBJ_66 /* ExclusivityController.swift in Sources */,
				OBJ_67 /* YSOperationQueue.swift in Sources */,
				OBJ_68 /* BlockOperation.swift in Sources */,
				OBJ_69 /* YSOperation.swift in Sources */,
			);
			runOnlyForDeploymentPostprocessing = 0;
		};
		OBJ_75 /* Sources */ = {
			isa = PBXSourcesBuildPhase;
			buildActionMask = 0;
			files = (
				OBJ_76 /* UIViewExtensions.swift in Sources */,
				OBJ_77 /* Row.swift in Sources */,
				OBJ_78 /* Section.swift in Sources */,
				OBJ_79 /* TableViewManager.swift in Sources */,
				OBJ_80 /* ItemCell.swift in Sources */,
				OBJ_81 /* StaticCellType.swift in Sources */,
				OBJ_82 /* Value1Cell.swift in Sources */,
			);
			runOnlyForDeploymentPostprocessing = 0;
		};
		OBJ_88 /* Sources */ = {
			isa = PBXSourcesBuildPhase;
			buildActionMask = 0;
			files = (
				OBJ_89 /* Time.swift in Sources */,
			);
			runOnlyForDeploymentPostprocessing = 0;
		};
		OBJ_95 /* Sources */ = {
			isa = PBXSourcesBuildPhase;
			buildActionMask = 0;
			files = (
				OBJ_96 /* GCDQueue.swift in Sources */,
			);
			runOnlyForDeploymentPostprocessing = 0;
		};
/* End PBXSourcesBuildPhase section */

/* Begin PBXTargetDependency section */
		OBJ_130 /* PBXTargetDependency */ = {
			isa = PBXTargetDependency;
			target = OBJ_58 /* YSOperations */;
			targetProxy = 0E2FB4231EA2CA160057C3B2 /* PBXContainerItemProxy */;
		};
		OBJ_131 /* PBXTargetDependency */ = {
			isa = PBXTargetDependency;
			target = OBJ_71 /* UI */;
			targetProxy = 0E2FB4241EA2CA160057C3B2 /* PBXContainerItemProxy */;
		};
		OBJ_132 /* PBXTargetDependency */ = {
			isa = PBXTargetDependency;
			target = OBJ_84 /* Utilities */;
			targetProxy = 0E2FB4251EA2CA160057C3B2 /* PBXContainerItemProxy */;
		};
		OBJ_133 /* PBXTargetDependency */ = {
			isa = PBXTargetDependency;
			target = OBJ_91 /* DispatchQueue */;
			targetProxy = 0E2FB4261EA2CA160057C3B2 /* PBXContainerItemProxy */;
		};
		OBJ_134 /* PBXTargetDependency */ = {
			isa = PBXTargetDependency;
			target = OBJ_98 /* Then */;
			targetProxy = 0E2FB4271EA2CA160057C3B2 /* PBXContainerItemProxy */;
		};
		OBJ_135 /* PBXTargetDependency */ = {
			isa = PBXTargetDependency;
			target = OBJ_105 /* Kanna */;
			targetProxy = 0E2FB4281EA2CA160057C3B2 /* PBXContainerItemProxy */;
		};
/* End PBXTargetDependency section */

/* Begin XCBuildConfiguration section */
		OBJ_100 /* Debug */ = {
			isa = XCBuildConfiguration;
			buildSettings = {
				ENABLE_TESTABILITY = YES;
				FRAMEWORK_SEARCH_PATHS = (
					"$(inherited)",
					"$(PLATFORM_DIR)/Developer/Library/Frameworks",
				);
				HEADER_SEARCH_PATHS = "$(inherited)";
				INFOPLIST_FILE = EbloServer.xcodeproj/Then_Info.plist;
				LD_RUNPATH_SEARCH_PATHS = "$(TOOLCHAIN_DIR)/usr/lib/swift/macosx";
				OTHER_LDFLAGS = "$(inherited)";
				OTHER_SWIFT_FLAGS = "$(inherited)";
				PRODUCT_BUNDLE_IDENTIFIER = Then;
				PRODUCT_MODULE_NAME = "$(TARGET_NAME:c99extidentifier)";
				PRODUCT_NAME = "$(TARGET_NAME:c99extidentifier)";
				SKIP_INSTALL = YES;
				TARGET_NAME = Then;
			};
			name = Debug;
		};
		OBJ_101 /* Release */ = {
			isa = XCBuildConfiguration;
			buildSettings = {
				ENABLE_TESTABILITY = YES;
				FRAMEWORK_SEARCH_PATHS = (
					"$(inherited)",
					"$(PLATFORM_DIR)/Developer/Library/Frameworks",
				);
				HEADER_SEARCH_PATHS = "$(inherited)";
				INFOPLIST_FILE = EbloServer.xcodeproj/Then_Info.plist;
				LD_RUNPATH_SEARCH_PATHS = "$(TOOLCHAIN_DIR)/usr/lib/swift/macosx";
				OTHER_LDFLAGS = "$(inherited)";
				OTHER_SWIFT_FLAGS = "$(inherited)";
				PRODUCT_BUNDLE_IDENTIFIER = Then;
				PRODUCT_MODULE_NAME = "$(TARGET_NAME:c99extidentifier)";
				PRODUCT_NAME = "$(TARGET_NAME:c99extidentifier)";
				SKIP_INSTALL = YES;
				TARGET_NAME = Then;
			};
			name = Release;
		};
		OBJ_107 /* Debug */ = {
			isa = XCBuildConfiguration;
			buildSettings = {
				ENABLE_TESTABILITY = YES;
				FRAMEWORK_SEARCH_PATHS = (
					"$(inherited)",
					"$(PLATFORM_DIR)/Developer/Library/Frameworks",
				);
				HEADER_SEARCH_PATHS = (
					"$(inherited)",
					"$(SRCROOT)/.build/checkouts/SwiftClibxml2.git--6828148366461539859",
				);
				INFOPLIST_FILE = EbloServer.xcodeproj/Kanna_Info.plist;
				LD_RUNPATH_SEARCH_PATHS = "$(TOOLCHAIN_DIR)/usr/lib/swift/macosx";
				OTHER_LDFLAGS = (
					"$(inherited)",
					"-L/usr/local/Cellar/libxml2/2.9.4_2/lib",
					"-lxml2",
				);
				OTHER_SWIFT_FLAGS = "$(inherited) -I/usr/local/Cellar/libxml2/2.9.4_2/include/libxml2";
				PRODUCT_BUNDLE_IDENTIFIER = Kanna;
				PRODUCT_MODULE_NAME = "$(TARGET_NAME:c99extidentifier)";
				PRODUCT_NAME = "$(TARGET_NAME:c99extidentifier)";
				SKIP_INSTALL = YES;
				TARGET_NAME = Kanna;
			};
			name = Debug;
		};
		OBJ_108 /* Release */ = {
			isa = XCBuildConfiguration;
			buildSettings = {
				ENABLE_TESTABILITY = YES;
				FRAMEWORK_SEARCH_PATHS = (
					"$(inherited)",
					"$(PLATFORM_DIR)/Developer/Library/Frameworks",
				);
				HEADER_SEARCH_PATHS = (
					"$(inherited)",
					"$(SRCROOT)/.build/checkouts/SwiftClibxml2.git--6828148366461539859",
				);
				INFOPLIST_FILE = EbloServer.xcodeproj/Kanna_Info.plist;
				LD_RUNPATH_SEARCH_PATHS = "$(TOOLCHAIN_DIR)/usr/lib/swift/macosx";
				OTHER_LDFLAGS = (
					"$(inherited)",
					"-L/usr/local/Cellar/libxml2/2.9.4_2/lib",
					"-lxml2",
				);
				OTHER_SWIFT_FLAGS = "$(inherited) -I/usr/local/Cellar/libxml2/2.9.4_2/include/libxml2";
				PRODUCT_BUNDLE_IDENTIFIER = Kanna;
				PRODUCT_MODULE_NAME = "$(TARGET_NAME:c99extidentifier)";
				PRODUCT_NAME = "$(TARGET_NAME:c99extidentifier)";
				SKIP_INSTALL = YES;
				TARGET_NAME = Kanna;
			};
			name = Release;
		};
		OBJ_118 /* Debug */ = {
			isa = XCBuildConfiguration;
			buildSettings = {
				FRAMEWORK_SEARCH_PATHS = (
					"$(inherited)",
					"$(PLATFORM_DIR)/Developer/Library/Frameworks",
				);
				HEADER_SEARCH_PATHS = (
					"$(inherited)",
					"$(SRCROOT)/.build/checkouts/SwiftClibxml2.git--6828148366461539859",
				);
				INFOPLIST_FILE = EbloServer.xcodeproj/EbloServer_Info.plist;
				LD_RUNPATH_SEARCH_PATHS = "$(TOOLCHAIN_DIR)/usr/lib/swift/macosx @executable_path";
				OTHER_LDFLAGS = (
					"$(inherited)",
					"-L/usr/local/Cellar/libxml2/2.9.4_2/lib",
					"-lxml2",
				);
				OTHER_SWIFT_FLAGS = "$(inherited) -I/usr/local/Cellar/libxml2/2.9.4_2/include/libxml2";
				SWIFT_FORCE_DYNAMIC_LINK_STDLIB = YES;
				SWIFT_FORCE_STATIC_LINK_STDLIB = NO;
				TARGET_NAME = EbloServer;
			};
			name = Debug;
		};
		OBJ_119 /* Release */ = {
			isa = XCBuildConfiguration;
			buildSettings = {
				FRAMEWORK_SEARCH_PATHS = (
					"$(inherited)",
					"$(PLATFORM_DIR)/Developer/Library/Frameworks",
				);
				HEADER_SEARCH_PATHS = (
					"$(inherited)",
					"$(SRCROOT)/.build/checkouts/SwiftClibxml2.git--6828148366461539859",
				);
				INFOPLIST_FILE = EbloServer.xcodeproj/EbloServer_Info.plist;
				LD_RUNPATH_SEARCH_PATHS = "$(TOOLCHAIN_DIR)/usr/lib/swift/macosx @executable_path";
				OTHER_LDFLAGS = (
					"$(inherited)",
					"-L/usr/local/Cellar/libxml2/2.9.4_2/lib",
					"-lxml2",
				);
				OTHER_SWIFT_FLAGS = "$(inherited) -I/usr/local/Cellar/libxml2/2.9.4_2/include/libxml2";
				SWIFT_FORCE_DYNAMIC_LINK_STDLIB = YES;
				SWIFT_FORCE_STATIC_LINK_STDLIB = NO;
				TARGET_NAME = EbloServer;
			};
			name = Release;
		};
		OBJ_3 /* Debug */ = {
			isa = XCBuildConfiguration;
			buildSettings = {
				CLANG_ENABLE_OBJC_ARC = YES;
				COMBINE_HIDPI_IMAGES = YES;
				COPY_PHASE_STRIP = NO;
				DEBUG_INFORMATION_FORMAT = dwarf;
				DYLIB_INSTALL_NAME_BASE = "@rpath";
				ENABLE_NS_ASSERTIONS = YES;
				GCC_OPTIMIZATION_LEVEL = 0;
				MACOSX_DEPLOYMENT_TARGET = 10.10;
				ONLY_ACTIVE_ARCH = YES;
				OTHER_SWIFT_FLAGS = "-DXcode";
				PRODUCT_NAME = "$(TARGET_NAME)";
				SDKROOT = macosx;
				SUPPORTED_PLATFORMS = "macosx iphoneos iphonesimulator appletvos appletvsimulator watchos watchsimulator";
				SWIFT_ACTIVE_COMPILATION_CONDITIONS = SWIFT_PACKAGE;
				SWIFT_OPTIMIZATION_LEVEL = "-Onone";
				SWIFT_VERSION = 3.0;
				USE_HEADERMAP = NO;
			};
			name = Debug;
		};
		OBJ_4 /* Release */ = {
			isa = XCBuildConfiguration;
			buildSettings = {
				CLANG_ENABLE_OBJC_ARC = YES;
				COMBINE_HIDPI_IMAGES = YES;
				COPY_PHASE_STRIP = YES;
				DEBUG_INFORMATION_FORMAT = "dwarf-with-dsym";
				DYLIB_INSTALL_NAME_BASE = "@rpath";
				GCC_OPTIMIZATION_LEVEL = s;
				MACOSX_DEPLOYMENT_TARGET = 10.10;
				OTHER_SWIFT_FLAGS = "-DXcode";
				PRODUCT_NAME = "$(TARGET_NAME)";
				SDKROOT = macosx;
				SUPPORTED_PLATFORMS = "macosx iphoneos iphonesimulator appletvos appletvsimulator watchos watchsimulator";
				SWIFT_ACTIVE_COMPILATION_CONDITIONS = SWIFT_PACKAGE;
				SWIFT_OPTIMIZATION_LEVEL = "-Owholemodule";
				SWIFT_VERSION = 3.0;
				USE_HEADERMAP = NO;
			};
			name = Release;
		};
		OBJ_60 /* Debug */ = {
			isa = XCBuildConfiguration;
			buildSettings = {
				ENABLE_TESTABILITY = YES;
				FRAMEWORK_SEARCH_PATHS = (
					"$(inherited)",
					"$(PLATFORM_DIR)/Developer/Library/Frameworks",
				);
				HEADER_SEARCH_PATHS = "$(inherited)";
				INFOPLIST_FILE = EbloServer.xcodeproj/YSOperations_Info.plist;
				LD_RUNPATH_SEARCH_PATHS = "$(TOOLCHAIN_DIR)/usr/lib/swift/macosx";
				OTHER_LDFLAGS = "$(inherited)";
				OTHER_SWIFT_FLAGS = "$(inherited)";
				PRODUCT_BUNDLE_IDENTIFIER = YSOperations;
				PRODUCT_MODULE_NAME = "$(TARGET_NAME:c99extidentifier)";
				PRODUCT_NAME = "$(TARGET_NAME:c99extidentifier)";
				SKIP_INSTALL = YES;
				TARGET_NAME = YSOperations;
			};
			name = Debug;
		};
		OBJ_61 /* Release */ = {
			isa = XCBuildConfiguration;
			buildSettings = {
				ENABLE_TESTABILITY = YES;
				FRAMEWORK_SEARCH_PATHS = (
					"$(inherited)",
					"$(PLATFORM_DIR)/Developer/Library/Frameworks",
				);
				HEADER_SEARCH_PATHS = "$(inherited)";
				INFOPLIST_FILE = EbloServer.xcodeproj/YSOperations_Info.plist;
				LD_RUNPATH_SEARCH_PATHS = "$(TOOLCHAIN_DIR)/usr/lib/swift/macosx";
				OTHER_LDFLAGS = "$(inherited)";
				OTHER_SWIFT_FLAGS = "$(inherited)";
				PRODUCT_BUNDLE_IDENTIFIER = YSOperations;
				PRODUCT_MODULE_NAME = "$(TARGET_NAME:c99extidentifier)";
				PRODUCT_NAME = "$(TARGET_NAME:c99extidentifier)";
				SKIP_INSTALL = YES;
				TARGET_NAME = YSOperations;
			};
			name = Release;
		};
		OBJ_73 /* Debug */ = {
			isa = XCBuildConfiguration;
			buildSettings = {
				ENABLE_TESTABILITY = YES;
				FRAMEWORK_SEARCH_PATHS = (
					"$(inherited)",
					"$(PLATFORM_DIR)/Developer/Library/Frameworks",
				);
				HEADER_SEARCH_PATHS = "$(inherited)";
				INFOPLIST_FILE = EbloServer.xcodeproj/UI_Info.plist;
				LD_RUNPATH_SEARCH_PATHS = "$(TOOLCHAIN_DIR)/usr/lib/swift/macosx";
				OTHER_LDFLAGS = "$(inherited)";
				OTHER_SWIFT_FLAGS = "$(inherited)";
				PRODUCT_BUNDLE_IDENTIFIER = UI;
				PRODUCT_MODULE_NAME = "$(TARGET_NAME:c99extidentifier)";
				PRODUCT_NAME = "$(TARGET_NAME:c99extidentifier)";
				SKIP_INSTALL = YES;
				TARGET_NAME = UI;
			};
			name = Debug;
		};
		OBJ_74 /* Release */ = {
			isa = XCBuildConfiguration;
			buildSettings = {
				ENABLE_TESTABILITY = YES;
				FRAMEWORK_SEARCH_PATHS = (
					"$(inherited)",
					"$(PLATFORM_DIR)/Developer/Library/Frameworks",
				);
				HEADER_SEARCH_PATHS = "$(inherited)";
				INFOPLIST_FILE = EbloServer.xcodeproj/UI_Info.plist;
				LD_RUNPATH_SEARCH_PATHS = "$(TOOLCHAIN_DIR)/usr/lib/swift/macosx";
				OTHER_LDFLAGS = "$(inherited)";
				OTHER_SWIFT_FLAGS = "$(inherited)";
				PRODUCT_BUNDLE_IDENTIFIER = UI;
				PRODUCT_MODULE_NAME = "$(TARGET_NAME:c99extidentifier)";
				PRODUCT_NAME = "$(TARGET_NAME:c99extidentifier)";
				SKIP_INSTALL = YES;
				TARGET_NAME = UI;
			};
			name = Release;
		};
		OBJ_86 /* Debug */ = {
			isa = XCBuildConfiguration;
			buildSettings = {
				ENABLE_TESTABILITY = YES;
				FRAMEWORK_SEARCH_PATHS = (
					"$(inherited)",
					"$(PLATFORM_DIR)/Developer/Library/Frameworks",
				);
				HEADER_SEARCH_PATHS = "$(inherited)";
				INFOPLIST_FILE = EbloServer.xcodeproj/Utilities_Info.plist;
				LD_RUNPATH_SEARCH_PATHS = "$(TOOLCHAIN_DIR)/usr/lib/swift/macosx";
				OTHER_LDFLAGS = "$(inherited)";
				OTHER_SWIFT_FLAGS = "$(inherited)";
				PRODUCT_BUNDLE_IDENTIFIER = Utilities;
				PRODUCT_MODULE_NAME = "$(TARGET_NAME:c99extidentifier)";
				PRODUCT_NAME = "$(TARGET_NAME:c99extidentifier)";
				SKIP_INSTALL = YES;
				TARGET_NAME = Utilities;
			};
			name = Debug;
		};
		OBJ_87 /* Release */ = {
			isa = XCBuildConfiguration;
			buildSettings = {
				ENABLE_TESTABILITY = YES;
				FRAMEWORK_SEARCH_PATHS = (
					"$(inherited)",
					"$(PLATFORM_DIR)/Developer/Library/Frameworks",
				);
				HEADER_SEARCH_PATHS = "$(inherited)";
				INFOPLIST_FILE = EbloServer.xcodeproj/Utilities_Info.plist;
				LD_RUNPATH_SEARCH_PATHS = "$(TOOLCHAIN_DIR)/usr/lib/swift/macosx";
				OTHER_LDFLAGS = "$(inherited)";
				OTHER_SWIFT_FLAGS = "$(inherited)";
				PRODUCT_BUNDLE_IDENTIFIER = Utilities;
				PRODUCT_MODULE_NAME = "$(TARGET_NAME:c99extidentifier)";
				PRODUCT_NAME = "$(TARGET_NAME:c99extidentifier)";
				SKIP_INSTALL = YES;
				TARGET_NAME = Utilities;
			};
			name = Release;
		};
		OBJ_93 /* Debug */ = {
			isa = XCBuildConfiguration;
			buildSettings = {
				ENABLE_TESTABILITY = YES;
				FRAMEWORK_SEARCH_PATHS = (
					"$(inherited)",
					"$(PLATFORM_DIR)/Developer/Library/Frameworks",
				);
				HEADER_SEARCH_PATHS = "$(inherited)";
				INFOPLIST_FILE = EbloServer.xcodeproj/DispatchQueue_Info.plist;
				LD_RUNPATH_SEARCH_PATHS = "$(TOOLCHAIN_DIR)/usr/lib/swift/macosx";
				OTHER_LDFLAGS = "$(inherited)";
				OTHER_SWIFT_FLAGS = "$(inherited)";
				PRODUCT_BUNDLE_IDENTIFIER = DispatchQueue;
				PRODUCT_MODULE_NAME = "$(TARGET_NAME:c99extidentifier)";
				PRODUCT_NAME = "$(TARGET_NAME:c99extidentifier)";
				SKIP_INSTALL = YES;
				TARGET_NAME = DispatchQueue;
			};
			name = Debug;
		};
		OBJ_94 /* Release */ = {
			isa = XCBuildConfiguration;
			buildSettings = {
				ENABLE_TESTABILITY = YES;
				FRAMEWORK_SEARCH_PATHS = (
					"$(inherited)",
					"$(PLATFORM_DIR)/Developer/Library/Frameworks",
				);
				HEADER_SEARCH_PATHS = "$(inherited)";
				INFOPLIST_FILE = EbloServer.xcodeproj/DispatchQueue_Info.plist;
				LD_RUNPATH_SEARCH_PATHS = "$(TOOLCHAIN_DIR)/usr/lib/swift/macosx";
				OTHER_LDFLAGS = "$(inherited)";
				OTHER_SWIFT_FLAGS = "$(inherited)";
				PRODUCT_BUNDLE_IDENTIFIER = DispatchQueue;
				PRODUCT_MODULE_NAME = "$(TARGET_NAME:c99extidentifier)";
				PRODUCT_NAME = "$(TARGET_NAME:c99extidentifier)";
				SKIP_INSTALL = YES;
				TARGET_NAME = DispatchQueue;
			};
			name = Release;
		};
/* End XCBuildConfiguration section */

/* Begin XCConfigurationList section */
		OBJ_106 /* Build configuration list for PBXNativeTarget "Kanna" */ = {
			isa = XCConfigurationList;
			buildConfigurations = (
				OBJ_107 /* Debug */,
				OBJ_108 /* Release */,
			);
			defaultConfigurationIsVisible = 0;
			defaultConfigurationName = Debug;
		};
		OBJ_117 /* Build configuration list for PBXNativeTarget "EbloServer" */ = {
			isa = XCConfigurationList;
			buildConfigurations = (
				OBJ_118 /* Debug */,
				OBJ_119 /* Release */,
			);
			defaultConfigurationIsVisible = 0;
			defaultConfigurationName = Debug;
		};
		OBJ_2 /* Build configuration list for PBXProject "EbloServer" */ = {
			isa = XCConfigurationList;
			buildConfigurations = (
				OBJ_3 /* Debug */,
				OBJ_4 /* Release */,
			);
			defaultConfigurationIsVisible = 0;
			defaultConfigurationName = Debug;
		};
		OBJ_59 /* Build configuration list for PBXNativeTarget "YSOperations" */ = {
			isa = XCConfigurationList;
			buildConfigurations = (
				OBJ_60 /* Debug */,
				OBJ_61 /* Release */,
			);
			defaultConfigurationIsVisible = 0;
			defaultConfigurationName = Debug;
		};
		OBJ_72 /* Build configuration list for PBXNativeTarget "UI" */ = {
			isa = XCConfigurationList;
			buildConfigurations = (
				OBJ_73 /* Debug */,
				OBJ_74 /* Release */,
			);
			defaultConfigurationIsVisible = 0;
			defaultConfigurationName = Debug;
		};
		OBJ_85 /* Build configuration list for PBXNativeTarget "Utilities" */ = {
			isa = XCConfigurationList;
			buildConfigurations = (
				OBJ_86 /* Debug */,
				OBJ_87 /* Release */,
			);
			defaultConfigurationIsVisible = 0;
			defaultConfigurationName = Debug;
		};
		OBJ_92 /* Build configuration list for PBXNativeTarget "DispatchQueue" */ = {
			isa = XCConfigurationList;
			buildConfigurations = (
				OBJ_93 /* Debug */,
				OBJ_94 /* Release */,
			);
			defaultConfigurationIsVisible = 0;
			defaultConfigurationName = Debug;
		};
		OBJ_99 /* Build configuration list for PBXNativeTarget "Then" */ = {
			isa = XCConfigurationList;
			buildConfigurations = (
				OBJ_100 /* Debug */,
				OBJ_101 /* Release */,
			);
			defaultConfigurationIsVisible = 0;
			defaultConfigurationName = Debug;
		};
/* End XCConfigurationList section */
	};
	rootObject = OBJ_1 /* Project object */;
}
